// !$*UTF8*$!
{
	archiveVersion = 1;
	classes = {
	};
	objectVersion = 50;
	objects = {

/* Begin PBXBuildFile section */
		41C474D421638D110023E268 /* AppDelegate.swift in Sources */ = {isa = PBXBuildFile; fileRef = 41C474D321638D110023E268 /* AppDelegate.swift */; };
		41C474D621638D110023E268 /* ViewController.swift in Sources */ = {isa = PBXBuildFile; fileRef = 41C474D521638D110023E268 /* ViewController.swift */; };
		41C474D921638D110023E268 /* Main.storyboard in Resources */ = {isa = PBXBuildFile; fileRef = 41C474D721638D110023E268 /* Main.storyboard */; };
		41C474DB21638D130023E268 /* Assets.xcassets in Resources */ = {isa = PBXBuildFile; fileRef = 41C474DA21638D130023E268 /* Assets.xcassets */; };
		41C474DE21638D130023E268 /* LaunchScreen.storyboard in Resources */ = {isa = PBXBuildFile; fileRef = 41C474DC21638D130023E268 /* LaunchScreen.storyboard */; };
		41C474E921638D130023E268 /* _BallTests.swift in Sources */ = {isa = PBXBuildFile; fileRef = 41C474E821638D130023E268 /* _BallTests.swift */; };
		41C474F421638D130023E268 /* _BallUITests.swift in Sources */ = {isa = PBXBuildFile; fileRef = 41C474F321638D130023E268 /* _BallUITests.swift */; };
		41C4750421638E2F0023E268 /* Answers.plist in Resources */ = {isa = PBXBuildFile; fileRef = 41C4750321638E2F0023E268 /* Answers.plist */; };
		41C475072163A2DF0023E268 /* favoriteAnimation.json in Resources */ = {isa = PBXBuildFile; fileRef = 41C475062163A2DF0023E268 /* favoriteAnimation.json */; };
		41C475092163A6930023E268 /* LottieLogo1.json in Resources */ = {isa = PBXBuildFile; fileRef = 41C475082163A6930023E268 /* LottieLogo1.json */; };
		41C4750B2163AA520023E268 /* bubbles.json in Resources */ = {isa = PBXBuildFile; fileRef = 41C4750A2163AA520023E268 /* bubbles.json */; };
		8F0C215C018705039C84D595 /* Pods_8Ball.framework in Frameworks */ = {isa = PBXBuildFile; fileRef = EC13FBDAEBC039305BF02786 /* Pods_8Ball.framework */; };
		BCCBB3142FD8B869D656A6C0 /* Pods_8BallUITests.framework in Frameworks */ = {isa = PBXBuildFile; fileRef = 70EC270D09AD66BFCEDBD583 /* Pods_8BallUITests.framework */; };
		FAA20BBCE99CE166B7C3C31C /* Pods_8BallTests.framework in Frameworks */ = {isa = PBXBuildFile; fileRef = 0B8AD3069BDC3AE53A3EA923 /* Pods_8BallTests.framework */; };
/* End PBXBuildFile section */

/* Begin PBXContainerItemProxy section */
		41C474E521638D130023E268 /* PBXContainerItemProxy */ = {
			isa = PBXContainerItemProxy;
			containerPortal = 41C474C821638D110023E268 /* Project object */;
			proxyType = 1;
			remoteGlobalIDString = 41C474CF21638D110023E268;
			remoteInfo = 8Ball;
		};
		41C474F021638D130023E268 /* PBXContainerItemProxy */ = {
			isa = PBXContainerItemProxy;
			containerPortal = 41C474C821638D110023E268 /* Project object */;
			proxyType = 1;
			remoteGlobalIDString = 41C474CF21638D110023E268;
			remoteInfo = 8Ball;
		};
/* End PBXContainerItemProxy section */

/* Begin PBXFileReference section */
		0B8AD3069BDC3AE53A3EA923 /* Pods_8BallTests.framework */ = {isa = PBXFileReference; explicitFileType = wrapper.framework; includeInIndex = 0; path = Pods_8BallTests.framework; sourceTree = BUILT_PRODUCTS_DIR; };
		3433DA8BEA472AA6B3EBB121 /* Pods-8Ball.release.xcconfig */ = {isa = PBXFileReference; includeInIndex = 1; lastKnownFileType = text.xcconfig; name = "Pods-8Ball.release.xcconfig"; path = "Pods/Target Support Files/Pods-8Ball/Pods-8Ball.release.xcconfig"; sourceTree = "<group>"; };
		376CA001FAE2BFEAEF404250 /* Pods-8BallTests.debug.xcconfig */ = {isa = PBXFileReference; includeInIndex = 1; lastKnownFileType = text.xcconfig; name = "Pods-8BallTests.debug.xcconfig"; path = "Pods/Target Support Files/Pods-8BallTests/Pods-8BallTests.debug.xcconfig"; sourceTree = "<group>"; };
		41C474D021638D110023E268 /* 8Ball.app */ = {isa = PBXFileReference; explicitFileType = wrapper.application; includeInIndex = 0; path = 8Ball.app; sourceTree = BUILT_PRODUCTS_DIR; };
		41C474D321638D110023E268 /* AppDelegate.swift */ = {isa = PBXFileReference; lastKnownFileType = sourcecode.swift; path = AppDelegate.swift; sourceTree = "<group>"; };
		41C474D521638D110023E268 /* ViewController.swift */ = {isa = PBXFileReference; lastKnownFileType = sourcecode.swift; path = ViewController.swift; sourceTree = "<group>"; };
		41C474D821638D110023E268 /* Base */ = {isa = PBXFileReference; lastKnownFileType = file.storyboard; name = Base; path = Base.lproj/Main.storyboard; sourceTree = "<group>"; };
		41C474DA21638D130023E268 /* Assets.xcassets */ = {isa = PBXFileReference; lastKnownFileType = folder.assetcatalog; path = Assets.xcassets; sourceTree = "<group>"; };
		41C474DD21638D130023E268 /* Base */ = {isa = PBXFileReference; lastKnownFileType = file.storyboard; name = Base; path = Base.lproj/LaunchScreen.storyboard; sourceTree = "<group>"; };
		41C474DF21638D130023E268 /* Info.plist */ = {isa = PBXFileReference; lastKnownFileType = text.plist.xml; path = Info.plist; sourceTree = "<group>"; };
		41C474E421638D130023E268 /* 8BallTests.xctest */ = {isa = PBXFileReference; explicitFileType = wrapper.cfbundle; includeInIndex = 0; path = 8BallTests.xctest; sourceTree = BUILT_PRODUCTS_DIR; };
		41C474E821638D130023E268 /* _BallTests.swift */ = {isa = PBXFileReference; lastKnownFileType = sourcecode.swift; path = _BallTests.swift; sourceTree = "<group>"; };
		41C474EA21638D130023E268 /* Info.plist */ = {isa = PBXFileReference; lastKnownFileType = text.plist.xml; path = Info.plist; sourceTree = "<group>"; };
		41C474EF21638D130023E268 /* 8BallUITests.xctest */ = {isa = PBXFileReference; explicitFileType = wrapper.cfbundle; includeInIndex = 0; path = 8BallUITests.xctest; sourceTree = BUILT_PRODUCTS_DIR; };
		41C474F321638D130023E268 /* _BallUITests.swift */ = {isa = PBXFileReference; lastKnownFileType = sourcecode.swift; path = _BallUITests.swift; sourceTree = "<group>"; };
		41C474F521638D130023E268 /* Info.plist */ = {isa = PBXFileReference; lastKnownFileType = text.plist.xml; path = Info.plist; sourceTree = "<group>"; };
		41C4750321638E2F0023E268 /* Answers.plist */ = {isa = PBXFileReference; lastKnownFileType = text.plist.xml; path = Answers.plist; sourceTree = "<group>"; };
		41C475062163A2DF0023E268 /* favoriteAnimation.json */ = {isa = PBXFileReference; fileEncoding = 4; lastKnownFileType = text.json; path = favoriteAnimation.json; sourceTree = "<group>"; };
		41C475082163A6930023E268 /* LottieLogo1.json */ = {isa = PBXFileReference; fileEncoding = 4; lastKnownFileType = text.json; path = LottieLogo1.json; sourceTree = "<group>"; };
		41C4750A2163AA520023E268 /* bubbles.json */ = {isa = PBXFileReference; fileEncoding = 4; lastKnownFileType = text.json; path = bubbles.json; sourceTree = "<group>"; };
		70EC270D09AD66BFCEDBD583 /* Pods_8BallUITests.framework */ = {isa = PBXFileReference; explicitFileType = wrapper.framework; includeInIndex = 0; path = Pods_8BallUITests.framework; sourceTree = BUILT_PRODUCTS_DIR; };
		99CCD08FA4D9D657FF710585 /* Pods-8BallTests.release.xcconfig */ = {isa = PBXFileReference; includeInIndex = 1; lastKnownFileType = text.xcconfig; name = "Pods-8BallTests.release.xcconfig"; path = "Pods/Target Support Files/Pods-8BallTests/Pods-8BallTests.release.xcconfig"; sourceTree = "<group>"; };
		A4C175DF4CFB392493669625 /* Pods-8BallUITests.debug.xcconfig */ = {isa = PBXFileReference; includeInIndex = 1; lastKnownFileType = text.xcconfig; name = "Pods-8BallUITests.debug.xcconfig"; path = "Pods/Target Support Files/Pods-8BallUITests/Pods-8BallUITests.debug.xcconfig"; sourceTree = "<group>"; };
		CBD31CE5703E1ACEB4F416AC /* Pods-8BallUITests.release.xcconfig */ = {isa = PBXFileReference; includeInIndex = 1; lastKnownFileType = text.xcconfig; name = "Pods-8BallUITests.release.xcconfig"; path = "Pods/Target Support Files/Pods-8BallUITests/Pods-8BallUITests.release.xcconfig"; sourceTree = "<group>"; };
		CD98D0902A6B311CFB9394DC /* Pods-8Ball.debug.xcconfig */ = {isa = PBXFileReference; includeInIndex = 1; lastKnownFileType = text.xcconfig; name = "Pods-8Ball.debug.xcconfig"; path = "Pods/Target Support Files/Pods-8Ball/Pods-8Ball.debug.xcconfig"; sourceTree = "<group>"; };
		EC13FBDAEBC039305BF02786 /* Pods_8Ball.framework */ = {isa = PBXFileReference; explicitFileType = wrapper.framework; includeInIndex = 0; path = Pods_8Ball.framework; sourceTree = BUILT_PRODUCTS_DIR; };
/* End PBXFileReference section */

/* Begin PBXFrameworksBuildPhase section */
		41C474CD21638D110023E268 /* Frameworks */ = {
			isa = PBXFrameworksBuildPhase;
			buildActionMask = 2147483647;
			files = (
				8F0C215C018705039C84D595 /* Pods_8Ball.framework in Frameworks */,
			);
			runOnlyForDeploymentPostprocessing = 0;
		};
		41C474E121638D130023E268 /* Frameworks */ = {
			isa = PBXFrameworksBuildPhase;
			buildActionMask = 2147483647;
			files = (
				FAA20BBCE99CE166B7C3C31C /* Pods_8BallTests.framework in Frameworks */,
			);
			runOnlyForDeploymentPostprocessing = 0;
		};
		41C474EC21638D130023E268 /* Frameworks */ = {
			isa = PBXFrameworksBuildPhase;
			buildActionMask = 2147483647;
			files = (
				BCCBB3142FD8B869D656A6C0 /* Pods_8BallUITests.framework in Frameworks */,
			);
			runOnlyForDeploymentPostprocessing = 0;
		};
/* End PBXFrameworksBuildPhase section */

/* Begin PBXGroup section */
		1C4790AB1209D0E7691AE04B /* Pods */ = {
			isa = PBXGroup;
			children = (
				CD98D0902A6B311CFB9394DC /* Pods-8Ball.debug.xcconfig */,
				3433DA8BEA472AA6B3EBB121 /* Pods-8Ball.release.xcconfig */,
				376CA001FAE2BFEAEF404250 /* Pods-8BallTests.debug.xcconfig */,
				99CCD08FA4D9D657FF710585 /* Pods-8BallTests.release.xcconfig */,
				A4C175DF4CFB392493669625 /* Pods-8BallUITests.debug.xcconfig */,
				CBD31CE5703E1ACEB4F416AC /* Pods-8BallUITests.release.xcconfig */,
			);
			name = Pods;
			sourceTree = "<group>";
		};
		41C474C721638D110023E268 = {
			isa = PBXGroup;
			children = (
				41C4750321638E2F0023E268 /* Answers.plist */,
				41C474D221638D110023E268 /* 8Ball */,
				41C474E721638D130023E268 /* 8BallTests */,
				41C474F221638D130023E268 /* 8BallUITests */,
				41C474D121638D110023E268 /* Products */,
				1C4790AB1209D0E7691AE04B /* Pods */,
				E8206098D470D6057009911B /* Frameworks */,
			);
			sourceTree = "<group>";
		};
		41C474D121638D110023E268 /* Products */ = {
			isa = PBXGroup;
			children = (
				41C474D021638D110023E268 /* 8Ball.app */,
				41C474E421638D130023E268 /* 8BallTests.xctest */,
				41C474EF21638D130023E268 /* 8BallUITests.xctest */,
			);
			name = Products;
			sourceTree = "<group>";
		};
		41C474D221638D110023E268 /* 8Ball */ = {
			isa = PBXGroup;
			children = (
				41C475052163A2C90023E268 /* Support Files */,
				41C474D321638D110023E268 /* AppDelegate.swift */,
				41C474D521638D110023E268 /* ViewController.swift */,
				41C474D721638D110023E268 /* Main.storyboard */,
				41C474DA21638D130023E268 /* Assets.xcassets */,
				41C474DC21638D130023E268 /* LaunchScreen.storyboard */,
				41C474DF21638D130023E268 /* Info.plist */,
			);
			path = 8Ball;
			sourceTree = "<group>";
		};
		41C474E721638D130023E268 /* 8BallTests */ = {
			isa = PBXGroup;
			children = (
				41C474E821638D130023E268 /* _BallTests.swift */,
				41C474EA21638D130023E268 /* Info.plist */,
			);
			path = 8BallTests;
			sourceTree = "<group>";
		};
		41C474F221638D130023E268 /* 8BallUITests */ = {
			isa = PBXGroup;
			children = (
				41C474F321638D130023E268 /* _BallUITests.swift */,
				41C474F521638D130023E268 /* Info.plist */,
			);
			path = 8BallUITests;
			sourceTree = "<group>";
		};
		41C475052163A2C90023E268 /* Support Files */ = {
			isa = PBXGroup;
			children = (
				41C4750A2163AA520023E268 /* bubbles.json */,
				41C475082163A6930023E268 /* LottieLogo1.json */,
				41C475062163A2DF0023E268 /* favoriteAnimation.json */,
			);
			path = "Support Files";
			sourceTree = "<group>";
		};
		E8206098D470D6057009911B /* Frameworks */ = {
			isa = PBXGroup;
			children = (
				EC13FBDAEBC039305BF02786 /* Pods_8Ball.framework */,
				0B8AD3069BDC3AE53A3EA923 /* Pods_8BallTests.framework */,
				70EC270D09AD66BFCEDBD583 /* Pods_8BallUITests.framework */,
			);
			name = Frameworks;
			sourceTree = "<group>";
		};
/* End PBXGroup section */

/* Begin PBXNativeTarget section */
		41C474CF21638D110023E268 /* 8Ball */ = {
			isa = PBXNativeTarget;
			buildConfigurationList = 41C474F821638D130023E268 /* Build configuration list for PBXNativeTarget "8Ball" */;
			buildPhases = (
				E58B9753B55B62825AE8F7BB /* [CP] Check Pods Manifest.lock */,
				41C474CC21638D110023E268 /* Sources */,
				41C474CD21638D110023E268 /* Frameworks */,
				41C474CE21638D110023E268 /* Resources */,
				EE0F85FBA4DA57F296B140F0 /* [CP] Embed Pods Frameworks */,
			);
			buildRules = (
			);
			dependencies = (
			);
			name = 8Ball;
			productName = 8Ball;
			productReference = 41C474D021638D110023E268 /* 8Ball.app */;
			productType = "com.apple.product-type.application";
		};
		41C474E321638D130023E268 /* 8BallTests */ = {
			isa = PBXNativeTarget;
			buildConfigurationList = 41C474FB21638D130023E268 /* Build configuration list for PBXNativeTarget "8BallTests" */;
			buildPhases = (
				C81711F48E38E5EC8C2210EB /* [CP] Check Pods Manifest.lock */,
				41C474E021638D130023E268 /* Sources */,
				41C474E121638D130023E268 /* Frameworks */,
				41C474E221638D130023E268 /* Resources */,
			);
			buildRules = (
			);
			dependencies = (
				41C474E621638D130023E268 /* PBXTargetDependency */,
			);
			name = 8BallTests;
			productName = 8BallTests;
			productReference = 41C474E421638D130023E268 /* 8BallTests.xctest */;
			productType = "com.apple.product-type.bundle.unit-test";
		};
		41C474EE21638D130023E268 /* 8BallUITests */ = {
			isa = PBXNativeTarget;
			buildConfigurationList = 41C474FE21638D130023E268 /* Build configuration list for PBXNativeTarget "8BallUITests" */;
			buildPhases = (
				4C48939934BFDD153E9ACE3B /* [CP] Check Pods Manifest.lock */,
				41C474EB21638D130023E268 /* Sources */,
				41C474EC21638D130023E268 /* Frameworks */,
				41C474ED21638D130023E268 /* Resources */,
			);
			buildRules = (
			);
			dependencies = (
				41C474F121638D130023E268 /* PBXTargetDependency */,
			);
			name = 8BallUITests;
			productName = 8BallUITests;
			productReference = 41C474EF21638D130023E268 /* 8BallUITests.xctest */;
			productType = "com.apple.product-type.bundle.ui-testing";
		};
/* End PBXNativeTarget section */

/* Begin PBXProject section */
		41C474C821638D110023E268 /* Project object */ = {
			isa = PBXProject;
			attributes = {
				LastSwiftUpdateCheck = 1000;
				LastUpgradeCheck = 1000;
				ORGANIZATIONNAME = "Mert Nesvat";
				TargetAttributes = {
					41C474CF21638D110023E268 = {
						CreatedOnToolsVersion = 10.0;
					};
					41C474E321638D130023E268 = {
						CreatedOnToolsVersion = 10.0;
						TestTargetID = 41C474CF21638D110023E268;
					};
					41C474EE21638D130023E268 = {
						CreatedOnToolsVersion = 10.0;
						TestTargetID = 41C474CF21638D110023E268;
					};
				};
			};
			buildConfigurationList = 41C474CB21638D110023E268 /* Build configuration list for PBXProject "8Ball" */;
			compatibilityVersion = "Xcode 9.3";
			developmentRegion = en;
			hasScannedForEncodings = 0;
			knownRegions = (
				en,
				Base,
			);
			mainGroup = 41C474C721638D110023E268;
			productRefGroup = 41C474D121638D110023E268 /* Products */;
			projectDirPath = "";
			projectRoot = "";
			targets = (
				41C474CF21638D110023E268 /* 8Ball */,
				41C474E321638D130023E268 /* 8BallTests */,
				41C474EE21638D130023E268 /* 8BallUITests */,
			);
		};
/* End PBXProject section */

/* Begin PBXResourcesBuildPhase section */
		41C474CE21638D110023E268 /* Resources */ = {
			isa = PBXResourcesBuildPhase;
			buildActionMask = 2147483647;
			files = (
				41C474DE21638D130023E268 /* LaunchScreen.storyboard in Resources */,
				41C475092163A6930023E268 /* LottieLogo1.json in Resources */,
				41C4750B2163AA520023E268 /* bubbles.json in Resources */,
				41C474DB21638D130023E268 /* Assets.xcassets in Resources */,
				41C4750421638E2F0023E268 /* Answers.plist in Resources */,
				41C475072163A2DF0023E268 /* favoriteAnimation.json in Resources */,
				41C474D921638D110023E268 /* Main.storyboard in Resources */,
			);
			runOnlyForDeploymentPostprocessing = 0;
		};
		41C474E221638D130023E268 /* Resources */ = {
			isa = PBXResourcesBuildPhase;
			buildActionMask = 2147483647;
			files = (
			);
			runOnlyForDeploymentPostprocessing = 0;
		};
		41C474ED21638D130023E268 /* Resources */ = {
			isa = PBXResourcesBuildPhase;
			buildActionMask = 2147483647;
			files = (
			);
			runOnlyForDeploymentPostprocessing = 0;
		};
/* End PBXResourcesBuildPhase section */

/* Begin PBXShellScriptBuildPhase section */
		4C48939934BFDD153E9ACE3B /* [CP] Check Pods Manifest.lock */ = {
			isa = PBXShellScriptBuildPhase;
			buildActionMask = 2147483647;
			files = (
			);
			inputFileListPaths = (
			);
			inputPaths = (
				"${PODS_PODFILE_DIR_PATH}/Podfile.lock",
				"${PODS_ROOT}/Manifest.lock",
			);
			name = "[CP] Check Pods Manifest.lock";
			outputFileListPaths = (
			);
			outputPaths = (
				"$(DERIVED_FILE_DIR)/Pods-8BallUITests-checkManifestLockResult.txt",
			);
			runOnlyForDeploymentPostprocessing = 0;
			shellPath = /bin/sh;
			shellScript = "diff \"${PODS_PODFILE_DIR_PATH}/Podfile.lock\" \"${PODS_ROOT}/Manifest.lock\" > /dev/null\nif [ $? != 0 ] ; then\n    # print error to STDERR\n    echo \"error: The sandbox is not in sync with the Podfile.lock. Run 'pod install' or update your CocoaPods installation.\" >&2\n    exit 1\nfi\n# This output is used by Xcode 'outputs' to avoid re-running this script phase.\necho \"SUCCESS\" > \"${SCRIPT_OUTPUT_FILE_0}\"\n";
			showEnvVarsInLog = 0;
		};
		C81711F48E38E5EC8C2210EB /* [CP] Check Pods Manifest.lock */ = {
			isa = PBXShellScriptBuildPhase;
			buildActionMask = 2147483647;
			files = (
			);
			inputFileListPaths = (
			);
			inputPaths = (
				"${PODS_PODFILE_DIR_PATH}/Podfile.lock",
				"${PODS_ROOT}/Manifest.lock",
			);
			name = "[CP] Check Pods Manifest.lock";
			outputFileListPaths = (
			);
			outputPaths = (
				"$(DERIVED_FILE_DIR)/Pods-8BallTests-checkManifestLockResult.txt",
			);
			runOnlyForDeploymentPostprocessing = 0;
			shellPath = /bin/sh;
			shellScript = "diff \"${PODS_PODFILE_DIR_PATH}/Podfile.lock\" \"${PODS_ROOT}/Manifest.lock\" > /dev/null\nif [ $? != 0 ] ; then\n    # print error to STDERR\n    echo \"error: The sandbox is not in sync with the Podfile.lock. Run 'pod install' or update your CocoaPods installation.\" >&2\n    exit 1\nfi\n# This output is used by Xcode 'outputs' to avoid re-running this script phase.\necho \"SUCCESS\" > \"${SCRIPT_OUTPUT_FILE_0}\"\n";
			showEnvVarsInLog = 0;
		};
		E58B9753B55B62825AE8F7BB /* [CP] Check Pods Manifest.lock */ = {
			isa = PBXShellScriptBuildPhase;
			buildActionMask = 2147483647;
			files = (
			);
			inputFileListPaths = (
			);
			inputPaths = (
				"${PODS_PODFILE_DIR_PATH}/Podfile.lock",
				"${PODS_ROOT}/Manifest.lock",
			);
			name = "[CP] Check Pods Manifest.lock";
			outputFileListPaths = (
			);
			outputPaths = (
				"$(DERIVED_FILE_DIR)/Pods-8Ball-checkManifestLockResult.txt",
			);
			runOnlyForDeploymentPostprocessing = 0;
			shellPath = /bin/sh;
			shellScript = "diff \"${PODS_PODFILE_DIR_PATH}/Podfile.lock\" \"${PODS_ROOT}/Manifest.lock\" > /dev/null\nif [ $? != 0 ] ; then\n    # print error to STDERR\n    echo \"error: The sandbox is not in sync with the Podfile.lock. Run 'pod install' or update your CocoaPods installation.\" >&2\n    exit 1\nfi\n# This output is used by Xcode 'outputs' to avoid re-running this script phase.\necho \"SUCCESS\" > \"${SCRIPT_OUTPUT_FILE_0}\"\n";
			showEnvVarsInLog = 0;
		};
		EE0F85FBA4DA57F296B140F0 /* [CP] Embed Pods Frameworks */ = {
			isa = PBXShellScriptBuildPhase;
			buildActionMask = 2147483647;
			files = (
			);
			inputFileListPaths = (
			);
			inputPaths = (
				"${SRCROOT}/Pods/Target Support Files/Pods-8Ball/Pods-8Ball-frameworks.sh",
				"${BUILT_PRODUCTS_DIR}/Shimmer/Shimmer.framework",
				"${BUILT_PRODUCTS_DIR}/lottie-ios/Lottie.framework",
			);
			name = "[CP] Embed Pods Frameworks";
			outputFileListPaths = (
			);
			outputPaths = (
				"${TARGET_BUILD_DIR}/${FRAMEWORKS_FOLDER_PATH}/Shimmer.framework",
				"${TARGET_BUILD_DIR}/${FRAMEWORKS_FOLDER_PATH}/Lottie.framework",
			);
			runOnlyForDeploymentPostprocessing = 0;
			shellPath = /bin/sh;
			shellScript = "\"${SRCROOT}/Pods/Target Support Files/Pods-8Ball/Pods-8Ball-frameworks.sh\"\n";
			showEnvVarsInLog = 0;
		};
/* End PBXShellScriptBuildPhase section */

/* Begin PBXSourcesBuildPhase section */
		41C474CC21638D110023E268 /* Sources */ = {
			isa = PBXSourcesBuildPhase;
			buildActionMask = 2147483647;
			files = (
				41C474D621638D110023E268 /* ViewController.swift in Sources */,
				41C474D421638D110023E268 /* AppDelegate.swift in Sources */,
			);
			runOnlyForDeploymentPostprocessing = 0;
		};
		41C474E021638D130023E268 /* Sources */ = {
			isa = PBXSourcesBuildPhase;
			buildActionMask = 2147483647;
			files = (
				41C474E921638D130023E268 /* _BallTests.swift in Sources */,
			);
			runOnlyForDeploymentPostprocessing = 0;
		};
		41C474EB21638D130023E268 /* Sources */ = {
			isa = PBXSourcesBuildPhase;
			buildActionMask = 2147483647;
			files = (
				41C474F421638D130023E268 /* _BallUITests.swift in Sources */,
			);
			runOnlyForDeploymentPostprocessing = 0;
		};
/* End PBXSourcesBuildPhase section */

/* Begin PBXTargetDependency section */
		41C474E621638D130023E268 /* PBXTargetDependency */ = {
			isa = PBXTargetDependency;
			target = 41C474CF21638D110023E268 /* 8Ball */;
			targetProxy = 41C474E521638D130023E268 /* PBXContainerItemProxy */;
		};
		41C474F121638D130023E268 /* PBXTargetDependency */ = {
			isa = PBXTargetDependency;
			target = 41C474CF21638D110023E268 /* 8Ball */;
			targetProxy = 41C474F021638D130023E268 /* PBXContainerItemProxy */;
		};
/* End PBXTargetDependency section */

/* Begin PBXVariantGroup section */
		41C474D721638D110023E268 /* Main.storyboard */ = {
			isa = PBXVariantGroup;
			children = (
				41C474D821638D110023E268 /* Base */,
			);
			name = Main.storyboard;
			sourceTree = "<group>";
		};
		41C474DC21638D130023E268 /* LaunchScreen.storyboard */ = {
			isa = PBXVariantGroup;
			children = (
				41C474DD21638D130023E268 /* Base */,
			);
			name = LaunchScreen.storyboard;
			sourceTree = "<group>";
		};
/* End PBXVariantGroup section */

/* Begin XCBuildConfiguration section */
		41C474F621638D130023E268 /* Debug */ = {
			isa = XCBuildConfiguration;
			buildSettings = {
				ALWAYS_SEARCH_USER_PATHS = NO;
				CLANG_ANALYZER_NONNULL = YES;
				CLANG_ANALYZER_NUMBER_OBJECT_CONVERSION = YES_AGGRESSIVE;
				CLANG_CXX_LANGUAGE_STANDARD = "gnu++14";
				CLANG_CXX_LIBRARY = "libc++";
				CLANG_ENABLE_MODULES = YES;
				CLANG_ENABLE_OBJC_ARC = YES;
				CLANG_ENABLE_OBJC_WEAK = YES;
				CLANG_WARN_BLOCK_CAPTURE_AUTORELEASING = YES;
				CLANG_WARN_BOOL_CONVERSION = YES;
				CLANG_WARN_COMMA = YES;
				CLANG_WARN_CONSTANT_CONVERSION = YES;
				CLANG_WARN_DEPRECATED_OBJC_IMPLEMENTATIONS = YES;
				CLANG_WARN_DIRECT_OBJC_ISA_USAGE = YES_ERROR;
				CLANG_WARN_DOCUMENTATION_COMMENTS = YES;
				CLANG_WARN_EMPTY_BODY = YES;
				CLANG_WARN_ENUM_CONVERSION = YES;
				CLANG_WARN_INFINITE_RECURSION = YES;
				CLANG_WARN_INT_CONVERSION = YES;
				CLANG_WARN_NON_LITERAL_NULL_CONVERSION = YES;
				CLANG_WARN_OBJC_IMPLICIT_RETAIN_SELF = YES;
				CLANG_WARN_OBJC_LITERAL_CONVERSION = YES;
				CLANG_WARN_OBJC_ROOT_CLASS = YES_ERROR;
				CLANG_WARN_RANGE_LOOP_ANALYSIS = YES;
				CLANG_WARN_STRICT_PROTOTYPES = YES;
				CLANG_WARN_SUSPICIOUS_MOVE = YES;
				CLANG_WARN_UNGUARDED_AVAILABILITY = YES_AGGRESSIVE;
				CLANG_WARN_UNREACHABLE_CODE = YES;
				CLANG_WARN__DUPLICATE_METHOD_MATCH = YES;
				CODE_SIGN_IDENTITY = "iPhone Developer";
				COPY_PHASE_STRIP = NO;
				DEBUG_INFORMATION_FORMAT = dwarf;
				ENABLE_STRICT_OBJC_MSGSEND = YES;
				ENABLE_TESTABILITY = YES;
				GCC_C_LANGUAGE_STANDARD = gnu11;
				GCC_DYNAMIC_NO_PIC = NO;
				GCC_NO_COMMON_BLOCKS = YES;
				GCC_OPTIMIZATION_LEVEL = 0;
				GCC_PREPROCESSOR_DEFINITIONS = (
					"DEBUG=1",
					"$(inherited)",
				);
				GCC_WARN_64_TO_32_BIT_CONVERSION = YES;
				GCC_WARN_ABOUT_RETURN_TYPE = YES_ERROR;
				GCC_WARN_UNDECLARED_SELECTOR = YES;
				GCC_WARN_UNINITIALIZED_AUTOS = YES_AGGRESSIVE;
				GCC_WARN_UNUSED_FUNCTION = YES;
				GCC_WARN_UNUSED_VARIABLE = YES;
				IPHONEOS_DEPLOYMENT_TARGET = 12.0;
				MTL_ENABLE_DEBUG_INFO = INCLUDE_SOURCE;
				MTL_FAST_MATH = YES;
				ONLY_ACTIVE_ARCH = YES;
				SDKROOT = iphoneos;
				SWIFT_ACTIVE_COMPILATION_CONDITIONS = DEBUG;
				SWIFT_OPTIMIZATION_LEVEL = "-Onone";
			};
			name = Debug;
		};
		41C474F721638D130023E268 /* Release */ = {
			isa = XCBuildConfiguration;
			buildSettings = {
				ALWAYS_SEARCH_USER_PATHS = NO;
				CLANG_ANALYZER_NONNULL = YES;
				CLANG_ANALYZER_NUMBER_OBJECT_CONVERSION = YES_AGGRESSIVE;
				CLANG_CXX_LANGUAGE_STANDARD = "gnu++14";
				CLANG_CXX_LIBRARY = "libc++";
				CLANG_ENABLE_MODULES = YES;
				CLANG_ENABLE_OBJC_ARC = YES;
				CLANG_ENABLE_OBJC_WEAK = YES;
				CLANG_WARN_BLOCK_CAPTURE_AUTORELEASING = YES;
				CLANG_WARN_BOOL_CONVERSION = YES;
				CLANG_WARN_COMMA = YES;
				CLANG_WARN_CONSTANT_CONVERSION = YES;
				CLANG_WARN_DEPRECATED_OBJC_IMPLEMENTATIONS = YES;
				CLANG_WARN_DIRECT_OBJC_ISA_USAGE = YES_ERROR;
				CLANG_WARN_DOCUMENTATION_COMMENTS = YES;
				CLANG_WARN_EMPTY_BODY = YES;
				CLANG_WARN_ENUM_CONVERSION = YES;
				CLANG_WARN_INFINITE_RECURSION = YES;
				CLANG_WARN_INT_CONVERSION = YES;
				CLANG_WARN_NON_LITERAL_NULL_CONVERSION = YES;
				CLANG_WARN_OBJC_IMPLICIT_RETAIN_SELF = YES;
				CLANG_WARN_OBJC_LITERAL_CONVERSION = YES;
				CLANG_WARN_OBJC_ROOT_CLASS = YES_ERROR;
				CLANG_WARN_RANGE_LOOP_ANALYSIS = YES;
				CLANG_WARN_STRICT_PROTOTYPES = YES;
				CLANG_WARN_SUSPICIOUS_MOVE = YES;
				CLANG_WARN_UNGUARDED_AVAILABILITY = YES_AGGRESSIVE;
				CLANG_WARN_UNREACHABLE_CODE = YES;
				CLANG_WARN__DUPLICATE_METHOD_MATCH = YES;
				CODE_SIGN_IDENTITY = "iPhone Developer";
				COPY_PHASE_STRIP = NO;
				DEBUG_INFORMATION_FORMAT = "dwarf-with-dsym";
				ENABLE_NS_ASSERTIONS = NO;
				ENABLE_STRICT_OBJC_MSGSEND = YES;
				GCC_C_LANGUAGE_STANDARD = gnu11;
				GCC_NO_COMMON_BLOCKS = YES;
				GCC_WARN_64_TO_32_BIT_CONVERSION = YES;
				GCC_WARN_ABOUT_RETURN_TYPE = YES_ERROR;
				GCC_WARN_UNDECLARED_SELECTOR = YES;
				GCC_WARN_UNINITIALIZED_AUTOS = YES_AGGRESSIVE;
				GCC_WARN_UNUSED_FUNCTION = YES;
				GCC_WARN_UNUSED_VARIABLE = YES;
				IPHONEOS_DEPLOYMENT_TARGET = 12.0;
				MTL_ENABLE_DEBUG_INFO = NO;
				MTL_FAST_MATH = YES;
				SDKROOT = iphoneos;
				SWIFT_COMPILATION_MODE = wholemodule;
				SWIFT_OPTIMIZATION_LEVEL = "-O";
				VALIDATE_PRODUCT = YES;
			};
			name = Release;
		};
		41C474F921638D130023E268 /* Debug */ = {
			isa = XCBuildConfiguration;
			baseConfigurationReference = CD98D0902A6B311CFB9394DC /* Pods-8Ball.debug.xcconfig */;
			buildSettings = {
				ASSETCATALOG_COMPILER_APPICON_NAME = AppIcon;
				CODE_SIGN_STYLE = Automatic;
				DEVELOPMENT_TEAM = 3YA74M59BZ;
				INFOPLIST_FILE = 8Ball/Info.plist;
				LD_RUNPATH_SEARCH_PATHS = (
					"$(inherited)",
					"@executable_path/Frameworks",
				);
				PRODUCT_BUNDLE_IDENTIFIER = com.mertnesvat.eightball;
				PRODUCT_NAME = "$(TARGET_NAME)";
				SWIFT_VERSION = 4.2;
				TARGETED_DEVICE_FAMILY = "1,2";
			};
			name = Debug;
		};
		41C474FA21638D130023E268 /* Release */ = {
			isa = XCBuildConfiguration;
			baseConfigurationReference = 3433DA8BEA472AA6B3EBB121 /* Pods-8Ball.release.xcconfig */;
			buildSettings = {
				ASSETCATALOG_COMPILER_APPICON_NAME = AppIcon;
				CODE_SIGN_STYLE = Automatic;
				DEVELOPMENT_TEAM = 3YA74M59BZ;
				INFOPLIST_FILE = 8Ball/Info.plist;
				LD_RUNPATH_SEARCH_PATHS = (
					"$(inherited)",
					"@executable_path/Frameworks",
				);
				PRODUCT_BUNDLE_IDENTIFIER = com.mertnesvat.eightball;
				PRODUCT_NAME = "$(TARGET_NAME)";
				SWIFT_VERSION = 4.2;
				TARGETED_DEVICE_FAMILY = "1,2";
			};
			name = Release;
		};
		41C474FC21638D130023E268 /* Debug */ = {
			isa = XCBuildConfiguration;
			baseConfigurationReference = 376CA001FAE2BFEAEF404250 /* Pods-8BallTests.debug.xcconfig */;
			buildSettings = {
				ALWAYS_EMBED_SWIFT_STANDARD_LIBRARIES = YES;
				BUNDLE_LOADER = "$(TEST_HOST)";
				CODE_SIGN_STYLE = Automatic;
				DEVELOPMENT_TEAM = 3YA74M59BZ;
				INFOPLIST_FILE = 8BallTests/Info.plist;
				LD_RUNPATH_SEARCH_PATHS = (
					"$(inherited)",
					"@executable_path/Frameworks",
					"@loader_path/Frameworks",
				);
				PRODUCT_BUNDLE_IDENTIFIER = "com.mertnesvat.eightball.-BallTests";
				PRODUCT_NAME = "$(TARGET_NAME)";
				SWIFT_VERSION = 4.2;
				TARGETED_DEVICE_FAMILY = "1,2";
				TEST_HOST = "$(BUILT_PRODUCTS_DIR)/8Ball.app/8Ball";
			};
			name = Debug;
		};
		41C474FD21638D130023E268 /* Release */ = {
			isa = XCBuildConfiguration;
			baseConfigurationReference = 99CCD08FA4D9D657FF710585 /* Pods-8BallTests.release.xcconfig */;
			buildSettings = {
				ALWAYS_EMBED_SWIFT_STANDARD_LIBRARIES = YES;
				BUNDLE_LOADER = "$(TEST_HOST)";
				CODE_SIGN_STYLE = Automatic;
				DEVELOPMENT_TEAM = 3YA74M59BZ;
				INFOPLIST_FILE = 8BallTests/Info.plist;
				LD_RUNPATH_SEARCH_PATHS = (
					"$(inherited)",
					"@executable_path/Frameworks",
					"@loader_path/Frameworks",
				);
				PRODUCT_BUNDLE_IDENTIFIER = "com.mertnesvat.eightball.-BallTests";
				PRODUCT_NAME = "$(TARGET_NAME)";
				SWIFT_VERSION = 4.2;
				TARGETED_DEVICE_FAMILY = "1,2";
				TEST_HOST = "$(BUILT_PRODUCTS_DIR)/8Ball.app/8Ball";
			};
			name = Release;
		};
		41C474FF21638D130023E268 /* Debug */ = {
			isa = XCBuildConfiguration;
			baseConfigurationReference = A4C175DF4CFB392493669625 /* Pods-8BallUITests.debug.xcconfig */;
			buildSettings = {
				ALWAYS_EMBED_SWIFT_STANDARD_LIBRARIES = YES;
				CODE_SIGN_STYLE = Automatic;
				DEVELOPMENT_TEAM = 3YA74M59BZ;
				INFOPLIST_FILE = 8BallUITests/Info.plist;
				LD_RUNPATH_SEARCH_PATHS = (
					"$(inherited)",
					"@executable_path/Frameworks",
					"@loader_path/Frameworks",
				);
				PRODUCT_BUNDLE_IDENTIFIER = "com.mertnesvat.eightball.-BallUITests";
				PRODUCT_NAME = "$(TARGET_NAME)";
				SWIFT_VERSION = 4.2;
				TARGETED_DEVICE_FAMILY = "1,2";
				TEST_TARGET_NAME = 8Ball;
			};
			name = Debug;
		};
		41C4750021638D130023E268 /* Release */ = {
			isa = XCBuildConfiguration;
			baseConfigurationReference = CBD31CE5703E1ACEB4F416AC /* Pods-8BallUITests.release.xcconfig */;
			buildSettings = {
				ALWAYS_EMBED_SWIFT_STANDARD_LIBRARIES = YES;
				CODE_SIGN_STYLE = Automatic;
				DEVELOPMENT_TEAM = 3YA74M59BZ;
				INFOPLIST_FILE = 8BallUITests/Info.plist;
				LD_RUNPATH_SEARCH_PATHS = (
					"$(inherited)",
					"@executable_path/Frameworks",
					"@loader_path/Frameworks",
				);
				PRODUCT_BUNDLE_IDENTIFIER = "com.mertnesvat.eightball.-BallUITests";
				PRODUCT_NAME = "$(TARGET_NAME)";
				SWIFT_VERSION = 4.2;
				TARGETED_DEVICE_FAMILY = "1,2";
				TEST_TARGET_NAME = 8Ball;
			};
			name = Release;
		};
/* End XCBuildConfiguration section */

/* Begin XCConfigurationList section */
		41C474CB21638D110023E268 /* Build configuration list for PBXProject "8Ball" */ = {
			isa = XCConfigurationList;
			buildConfigurations = (
				41C474F621638D130023E268 /* Debug */,
				41C474F721638D130023E268 /* Release */,
			);
			defaultConfigurationIsVisible = 0;
			defaultConfigurationName = Release;
		};
		41C474F821638D130023E268 /* Build configuration list for PBXNativeTarget "8Ball" */ = {
			isa = XCConfigurationList;
			buildConfigurations = (
				41C474F921638D130023E268 /* Debug */,
				41C474FA21638D130023E268 /* Release */,
			);
			defaultConfigurationIsVisible = 0;
			defaultConfigurationName = Release;
		};
		41C474FB21638D130023E268 /* Build configuration list for PBXNativeTarget "8BallTests" */ = {
			isa = XCConfigurationList;
			buildConfigurations = (
				41C474FC21638D130023E268 /* Debug */,
				41C474FD21638D130023E268 /* Release */,
			);
			defaultConfigurationIsVisible = 0;
			defaultConfigurationName = Release;
		};
		41C474FE21638D130023E268 /* Build configuration list for PBXNativeTarget "8BallUITests" */ = {
			isa = XCConfigurationList;
			buildConfigurations = (
				41C474FF21638D130023E268 /* Debug */,
				41C4750021638D130023E268 /* Release */,
			);
			defaultConfigurationIsVisible = 0;
			defaultConfigurationName = Release;
		};
/* End XCConfigurationList section */
	};
	rootObject = 41C474C821638D110023E268 /* Project object */;
}
